// !$*UTF8*$!
{
	archiveVersion = 1;
	classes = {
	};
	objectVersion = 46;
	objects = {

/* Begin PBXAggregateTarget section */
		75EAF7551873818600C1FB5F /* Framework */ = {
			isa = PBXAggregateTarget;
			buildConfigurationList = 75EAF7561873818600C1FB5F /* Build configuration list for PBXAggregateTarget "Framework" */;
			buildPhases = (
				75EAF75B187382D000C1FB5F /* ShellScript */,
			);
			dependencies = (
				75EAF75A187381D600C1FB5F /* PBXTargetDependency */,
			);
			name = Framework;
			productName = Framework;
		};
/* End PBXAggregateTarget section */

/* Begin PBXBuildFile section */
		4D092D5E18A9A89100D90322 /* SBLTransactionManager.h in Headers */ = {isa = PBXBuildFile; fileRef = 4D092D5C18A9A89100D90322 /* SBLTransactionManager.h */; };
		4D092D5F18A9A89100D90322 /* SBLTransactionManager.m in Sources */ = {isa = PBXBuildFile; fileRef = 4D092D5D18A9A89100D90322 /* SBLTransactionManager.m */; };
		4D0E754F185BBD3B00C681BE /* SBLMatcherTest.m in Sources */ = {isa = PBXBuildFile; fileRef = 4D0E754E185BBD3B00C681BE /* SBLMatcherTest.m */; };
		4D80408E186403BE001DE9FE /* SBLClassMockObjectBehavior.m in Sources */ = {isa = PBXBuildFile; fileRef = 4D80408D186403BE001DE9FE /* SBLClassMockObjectBehavior.m */; };
		4D804091186404F6001DE9FE /* SBLProtocolMockObjectBehavior.m in Sources */ = {isa = PBXBuildFile; fileRef = 4D804090186404F6001DE9FE /* SBLProtocolMockObjectBehavior.m */; };
		4DD1ACB6187462B300A5FEC4 /* SBLVerificationHandler.h in Headers */ = {isa = PBXBuildFile; fileRef = 4DD1ACB4187462B300A5FEC4 /* SBLVerificationHandler.h */; settings = {ATTRIBUTES = (Public, ); }; };
		4DD1ACB7187462B300A5FEC4 /* SBLVerificationHandler.m in Sources */ = {isa = PBXBuildFile; fileRef = 4DD1ACB5187462B300A5FEC4 /* SBLVerificationHandler.m */; };
		4DD1ACBA1874691300A5FEC4 /* SBLVerificationResult.h in Headers */ = {isa = PBXBuildFile; fileRef = 4DD1ACB81874691300A5FEC4 /* SBLVerificationResult.h */; settings = {ATTRIBUTES = (Public, ); }; };
		4DD1ACBB1874691300A5FEC4 /* SBLVerificationResult.m in Sources */ = {isa = PBXBuildFile; fileRef = 4DD1ACB91874691300A5FEC4 /* SBLVerificationResult.m */; };
		4DE7829B18A1CD7E002C0470 /* SBLHelpers.h in Headers */ = {isa = PBXBuildFile; fileRef = 4DE7829918A1CD7E002C0470 /* SBLHelpers.h */; settings = {ATTRIBUTES = (Public, ); }; };
		4DE7829C18A1CD7E002C0470 /* SBLHelpers.m in Sources */ = {isa = PBXBuildFile; fileRef = 4DE7829A18A1CD7E002C0470 /* SBLHelpers.m */; };
		4DF0042F185AB833003171E5 /* SBLStubbleCoreThreadingTest.m in Sources */ = {isa = PBXBuildFile; fileRef = 4DF0042E185AB833003171E5 /* SBLStubbleCoreThreadingTest.m */; };
		4DF00432185ACB53003171E5 /* SBLInvocationRecord.m in Sources */ = {isa = PBXBuildFile; fileRef = 4DF00431185ACB53003171E5 /* SBLInvocationRecord.m */; };
		4DF00435185AD2AC003171E5 /* SBLMatcher.m in Sources */ = {isa = PBXBuildFile; fileRef = 4DF00434185AD2AC003171E5 /* SBLMatcher.m */; };
		5A5472EC1877290A004A4A04 /* SBLMockObject.h in Headers */ = {isa = PBXBuildFile; fileRef = 5A5472EA1877290A004A4A04 /* SBLMockObject.h */; settings = {ATTRIBUTES = (Public, ); }; };
		5A5472ED1877290A004A4A04 /* SBLMockObject.m in Sources */ = {isa = PBXBuildFile; fileRef = 5A5472EB1877290A004A4A04 /* SBLMockObject.m */; };
		5A7F2CAE18A96E44000B5AAD /* SBLInvocationArgument.h in Headers */ = {isa = PBXBuildFile; fileRef = 5A7F2CAC18A96E44000B5AAD /* SBLInvocationArgument.h */; settings = {ATTRIBUTES = (Public, ); }; };
		5A7F2CAF18A96E44000B5AAD /* SBLInvocationArgument.m in Sources */ = {isa = PBXBuildFile; fileRef = 5A7F2CAD18A96E44000B5AAD /* SBLInvocationArgument.m */; };
		5A9837B118A98A42001E2501 /* SBLTestingBlockCreator.m in Sources */ = {isa = PBXBuildFile; fileRef = 5A9837B018A98A42001E2501 /* SBLTestingBlockCreator.m */; };
		5AA4A97418689FFB0033BAE0 /* SBLStubbedInvocation.h in Headers */ = {isa = PBXBuildFile; fileRef = 6313CD2DFCBE3162EB6EE10B /* SBLStubbedInvocation.h */; settings = {ATTRIBUTES = (Public, ); }; };
		5AA4A97518689FFB0033BAE0 /* SBLInvocationRecord.h in Headers */ = {isa = PBXBuildFile; fileRef = 4DF00430185ACB53003171E5 /* SBLInvocationRecord.h */; settings = {ATTRIBUTES = (Public, ); }; };
		5AA4A97618689FFB0033BAE0 /* SBLMatcher.h in Headers */ = {isa = PBXBuildFile; fileRef = 4DF00433185AD2AC003171E5 /* SBLMatcher.h */; settings = {ATTRIBUTES = (Public, ); }; };
		5AA4A97718689FFB0033BAE0 /* SBLErrors.h in Headers */ = {isa = PBXBuildFile; fileRef = 4D0E7550185D09B200C681BE /* SBLErrors.h */; settings = {ATTRIBUTES = (Public, ); }; };
		5AA4A97818689FFB0033BAE0 /* SBLTimesMatcher.h in Headers */ = {isa = PBXBuildFile; fileRef = AAFD46DFB029A6FC17A48B0D /* SBLTimesMatcher.h */; settings = {ATTRIBUTES = (Public, ); }; };
		5AA4A97918689FFB0033BAE0 /* SBLMockObjectBehavior.h in Headers */ = {isa = PBXBuildFile; fileRef = 4D80408B186402DB001DE9FE /* SBLMockObjectBehavior.h */; settings = {ATTRIBUTES = (Public, ); }; };
		5AA4A97A18689FFB0033BAE0 /* SBLClassMockObjectBehavior.h in Headers */ = {isa = PBXBuildFile; fileRef = 4D80408C186403BE001DE9FE /* SBLClassMockObjectBehavior.h */; settings = {ATTRIBUTES = (Public, ); }; };
		5AA4A97B18689FFB0033BAE0 /* SBLProtocolMockObjectBehavior.h in Headers */ = {isa = PBXBuildFile; fileRef = 4D80408F186404F6001DE9FE /* SBLProtocolMockObjectBehavior.h */; settings = {ATTRIBUTES = (Public, ); }; };
		5ABCBF8618A965D0001E2306 /* SBLMock.h in Headers */ = {isa = PBXBuildFile; fileRef = 5ABCBF8418A965D0001E2306 /* SBLMock.h */; settings = {ATTRIBUTES = (Public, ); }; };
		5ABCBF8718A965D0001E2306 /* SBLMockCore.h in Headers */ = {isa = PBXBuildFile; fileRef = 5ABCBF8518A965D0001E2306 /* SBLMockCore.h */; settings = {ATTRIBUTES = (Public, ); }; };
		6313CCCA0E902D6D0B58DAE9 /* SBLStubbedInvocation.m in Sources */ = {isa = PBXBuildFile; fileRef = 6313C082B67BDB77399B202D /* SBLStubbedInvocation.m */; };
		74678C411857D5AD00BD75E3 /* SBLVerifyTest.m in Sources */ = {isa = PBXBuildFile; fileRef = 74678C401857D5AD00BD75E3 /* SBLVerifyTest.m */; };
		74678C441857D5E900BD75E3 /* SBLTestingClass.m in Sources */ = {isa = PBXBuildFile; fileRef = 74678C431857D5E900BD75E3 /* SBLTestingClass.m */; };
		74F93DA018525FA100214852 /* Foundation.framework in Frameworks */ = {isa = PBXBuildFile; fileRef = 74F93D9F18525FA100214852 /* Foundation.framework */; };
		74F93DAE18525FA100214852 /* XCTest.framework in Frameworks */ = {isa = PBXBuildFile; fileRef = 74F93DAD18525FA100214852 /* XCTest.framework */; };
		74F93DAF18525FA100214852 /* Foundation.framework in Frameworks */ = {isa = PBXBuildFile; fileRef = 74F93D9F18525FA100214852 /* Foundation.framework */; };
		74F93DB118525FA100214852 /* UIKit.framework in Frameworks */ = {isa = PBXBuildFile; fileRef = 74F93DB018525FA100214852 /* UIKit.framework */; };
		74F93DB418525FA100214852 /* libStubble.a in Frameworks */ = {isa = PBXBuildFile; fileRef = 74F93D9C18525FA100214852 /* libStubble.a */; };
		74F93DBA18525FA100214852 /* InfoPlist.strings in Resources */ = {isa = PBXBuildFile; fileRef = 74F93DB818525FA100214852 /* InfoPlist.strings */; };
		74F93DBC18525FA100214852 /* SBLStubTest.m in Sources */ = {isa = PBXBuildFile; fileRef = 74F93DBB18525FA100214852 /* SBLStubTest.m */; };
		75EAF7541873808E00C1FB5F /* Stubble.h in Headers */ = {isa = PBXBuildFile; fileRef = 75EAF7531873808E00C1FB5F /* Stubble.h */; settings = {ATTRIBUTES = (Public, ); }; };
		AAFD41575C3906917DB3B296 /* SBLInvocationMatchResult.h in Headers */ = {isa = PBXBuildFile; fileRef = AAFD4F9F2BB34D38DB5317A6 /* SBLInvocationMatchResult.h */; settings = {ATTRIBUTES = (Public, ); }; };
		AAFD456B9E434F788AD7FA4A /* SBLValueLoggingHelper.h in Headers */ = {isa = PBXBuildFile; fileRef = AAFD4ECB9CA6481AFFAF849E /* SBLValueLoggingHelper.h */; settings = {ATTRIBUTES = (Public, ); }; };
		AAFD457357101BF8EFFA38A7 /* SBLArgumentMatcherResult.m in Sources */ = {isa = PBXBuildFile; fileRef = AAFD49C9A0A7E574CC16048B /* SBLArgumentMatcherResult.m */; };
		AAFD4B749CC89E374F1F7245 /* SBLInvocationMatchResult.m in Sources */ = {isa = PBXBuildFile; fileRef = AAFD432360F5D4B73F8A79B6 /* SBLInvocationMatchResult.m */; };
		AAFD4BBA86C957E1C735243C /* SBLValueLoggingHelper.m in Sources */ = {isa = PBXBuildFile; fileRef = AAFD48CCFBD6BC48364A7801 /* SBLValueLoggingHelper.m */; };
		AAFD4BCD39B355447029F235 /* SBLTimesMatcher.m in Sources */ = {isa = PBXBuildFile; fileRef = AAFD431560AC3BD461C4B3D1 /* SBLTimesMatcher.m */; };
		AAFD4BE30957D2DC3CFD42B6 /* SBLValueLoggingHelperTest.m in Sources */ = {isa = PBXBuildFile; fileRef = AAFD4916AAC6AAA9584FDB1A /* SBLValueLoggingHelperTest.m */; };
		AAFD4E581C8800002923FDEC /* SBLExceptionTest.m in Sources */ = {isa = PBXBuildFile; fileRef = AAFD4746845E28C0CBF4683E /* SBLExceptionTest.m */; };
		AAFD4FC42EF9EAE772B93D67 /* SBLArgumentMatcherResult.h in Headers */ = {isa = PBXBuildFile; fileRef = AAFD4BBB523D1485AC4AD7D9 /* SBLArgumentMatcherResult.h */; settings = {ATTRIBUTES = (Public, ); }; };
/* End PBXBuildFile section */

/* Begin PBXContainerItemProxy section */
		74F93DB218525FA100214852 /* PBXContainerItemProxy */ = {
			isa = PBXContainerItemProxy;
			containerPortal = 74F93D9418525FA100214852 /* Project object */;
			proxyType = 1;
			remoteGlobalIDString = 74F93D9B18525FA100214852;
			remoteInfo = Stubble;
		};
		75EAF759187381D600C1FB5F /* PBXContainerItemProxy */ = {
			isa = PBXContainerItemProxy;
			containerPortal = 74F93D9418525FA100214852 /* Project object */;
			proxyType = 1;
			remoteGlobalIDString = 74F93D9B18525FA100214852;
			remoteInfo = Stubble;
		};
/* End PBXContainerItemProxy section */

/* Begin PBXCopyFilesBuildPhase section */
		74F93D9A18525FA100214852 /* CopyFiles */ = {
			isa = PBXCopyFilesBuildPhase;
			buildActionMask = 2147483647;
			dstPath = "include/$(PRODUCT_NAME)";
			dstSubfolderSpec = 16;
			files = (
			);
			runOnlyForDeploymentPostprocessing = 0;
		};
/* End PBXCopyFilesBuildPhase section */

/* Begin PBXFileReference section */
		4D092D5C18A9A89100D90322 /* SBLTransactionManager.h */ = {isa = PBXFileReference; fileEncoding = 4; lastKnownFileType = sourcecode.c.h; path = SBLTransactionManager.h; sourceTree = "<group>"; };
		4D092D5D18A9A89100D90322 /* SBLTransactionManager.m */ = {isa = PBXFileReference; fileEncoding = 4; lastKnownFileType = sourcecode.c.objc; path = SBLTransactionManager.m; sourceTree = "<group>"; };
		4D0E754E185BBD3B00C681BE /* SBLMatcherTest.m */ = {isa = PBXFileReference; fileEncoding = 4; lastKnownFileType = sourcecode.c.objc; path = SBLMatcherTest.m; sourceTree = "<group>"; };
		4D0E7550185D09B200C681BE /* SBLErrors.h */ = {isa = PBXFileReference; fileEncoding = 4; lastKnownFileType = sourcecode.c.h; path = SBLErrors.h; sourceTree = "<group>"; };
		4D80408A1863F743001DE9FE /* SBLTestingProtocol.h */ = {isa = PBXFileReference; lastKnownFileType = sourcecode.c.h; path = SBLTestingProtocol.h; sourceTree = "<group>"; };
		4D80408B186402DB001DE9FE /* SBLMockObjectBehavior.h */ = {isa = PBXFileReference; lastKnownFileType = sourcecode.c.h; path = SBLMockObjectBehavior.h; sourceTree = "<group>"; };
		4D80408C186403BE001DE9FE /* SBLClassMockObjectBehavior.h */ = {isa = PBXFileReference; fileEncoding = 4; lastKnownFileType = sourcecode.c.h; path = SBLClassMockObjectBehavior.h; sourceTree = "<group>"; };
		4D80408D186403BE001DE9FE /* SBLClassMockObjectBehavior.m */ = {isa = PBXFileReference; fileEncoding = 4; lastKnownFileType = sourcecode.c.objc; path = SBLClassMockObjectBehavior.m; sourceTree = "<group>"; };
		4D80408F186404F6001DE9FE /* SBLProtocolMockObjectBehavior.h */ = {isa = PBXFileReference; fileEncoding = 4; lastKnownFileType = sourcecode.c.h; path = SBLProtocolMockObjectBehavior.h; sourceTree = "<group>"; };
		4D804090186404F6001DE9FE /* SBLProtocolMockObjectBehavior.m */ = {isa = PBXFileReference; fileEncoding = 4; lastKnownFileType = sourcecode.c.objc; path = SBLProtocolMockObjectBehavior.m; sourceTree = "<group>"; };
		4DD1ACB4187462B300A5FEC4 /* SBLVerificationHandler.h */ = {isa = PBXFileReference; fileEncoding = 4; lastKnownFileType = sourcecode.c.h; path = SBLVerificationHandler.h; sourceTree = "<group>"; };
		4DD1ACB5187462B300A5FEC4 /* SBLVerificationHandler.m */ = {isa = PBXFileReference; fileEncoding = 4; lastKnownFileType = sourcecode.c.objc; path = SBLVerificationHandler.m; sourceTree = "<group>"; };
		4DD1ACB81874691300A5FEC4 /* SBLVerificationResult.h */ = {isa = PBXFileReference; fileEncoding = 4; lastKnownFileType = sourcecode.c.h; path = SBLVerificationResult.h; sourceTree = "<group>"; };
		4DD1ACB91874691300A5FEC4 /* SBLVerificationResult.m */ = {isa = PBXFileReference; fileEncoding = 4; lastKnownFileType = sourcecode.c.objc; path = SBLVerificationResult.m; sourceTree = "<group>"; };
		4DE7829918A1CD7E002C0470 /* SBLHelpers.h */ = {isa = PBXFileReference; fileEncoding = 4; lastKnownFileType = sourcecode.c.h; path = SBLHelpers.h; sourceTree = "<group>"; };
		4DE7829A18A1CD7E002C0470 /* SBLHelpers.m */ = {isa = PBXFileReference; fileEncoding = 4; lastKnownFileType = sourcecode.c.objc; path = SBLHelpers.m; sourceTree = "<group>"; };
		4DF0042E185AB833003171E5 /* SBLStubbleCoreThreadingTest.m */ = {isa = PBXFileReference; fileEncoding = 4; lastKnownFileType = sourcecode.c.objc; path = SBLStubbleCoreThreadingTest.m; sourceTree = "<group>"; };
		4DF00430185ACB53003171E5 /* SBLInvocationRecord.h */ = {isa = PBXFileReference; fileEncoding = 4; lastKnownFileType = sourcecode.c.h; path = SBLInvocationRecord.h; sourceTree = "<group>"; };
		4DF00431185ACB53003171E5 /* SBLInvocationRecord.m */ = {isa = PBXFileReference; fileEncoding = 4; lastKnownFileType = sourcecode.c.objc; path = SBLInvocationRecord.m; sourceTree = "<group>"; };
		4DF00433185AD2AC003171E5 /* SBLMatcher.h */ = {isa = PBXFileReference; fileEncoding = 4; lastKnownFileType = sourcecode.c.h; path = SBLMatcher.h; sourceTree = "<group>"; };
		4DF00434185AD2AC003171E5 /* SBLMatcher.m */ = {isa = PBXFileReference; fileEncoding = 4; lastKnownFileType = sourcecode.c.objc; path = SBLMatcher.m; sourceTree = "<group>"; };
		5A5472EA1877290A004A4A04 /* SBLMockObject.h */ = {isa = PBXFileReference; fileEncoding = 4; lastKnownFileType = sourcecode.c.h; path = SBLMockObject.h; sourceTree = "<group>"; };
		5A5472EB1877290A004A4A04 /* SBLMockObject.m */ = {isa = PBXFileReference; fileEncoding = 4; lastKnownFileType = sourcecode.c.objc; path = SBLMockObject.m; sourceTree = "<group>"; };
		5A7F2CAC18A96E44000B5AAD /* SBLInvocationArgument.h */ = {isa = PBXFileReference; fileEncoding = 4; lastKnownFileType = sourcecode.c.h; path = SBLInvocationArgument.h; sourceTree = "<group>"; };
		5A7F2CAD18A96E44000B5AAD /* SBLInvocationArgument.m */ = {isa = PBXFileReference; fileEncoding = 4; lastKnownFileType = sourcecode.c.objc; path = SBLInvocationArgument.m; sourceTree = "<group>"; };
		5A9837AF18A98A42001E2501 /* SBLTestingBlockCreator.h */ = {isa = PBXFileReference; fileEncoding = 4; lastKnownFileType = sourcecode.c.h; path = SBLTestingBlockCreator.h; sourceTree = "<group>"; };
		5A9837B018A98A42001E2501 /* SBLTestingBlockCreator.m */ = {isa = PBXFileReference; fileEncoding = 4; lastKnownFileType = sourcecode.c.objc; path = SBLTestingBlockCreator.m; sourceTree = "<group>"; };
		5ABCBF8418A965D0001E2306 /* SBLMock.h */ = {isa = PBXFileReference; fileEncoding = 4; lastKnownFileType = sourcecode.c.h; path = SBLMock.h; sourceTree = "<group>"; };
		5ABCBF8518A965D0001E2306 /* SBLMockCore.h */ = {isa = PBXFileReference; fileEncoding = 4; lastKnownFileType = sourcecode.c.h; path = SBLMockCore.h; sourceTree = "<group>"; };
		6313C082B67BDB77399B202D /* SBLStubbedInvocation.m */ = {isa = PBXFileReference; fileEncoding = 4; lastKnownFileType = sourcecode.c.objc; path = SBLStubbedInvocation.m; sourceTree = "<group>"; };
		6313CD2DFCBE3162EB6EE10B /* SBLStubbedInvocation.h */ = {isa = PBXFileReference; fileEncoding = 4; lastKnownFileType = sourcecode.c.h; path = SBLStubbedInvocation.h; sourceTree = "<group>"; };
		74678C401857D5AD00BD75E3 /* SBLVerifyTest.m */ = {isa = PBXFileReference; fileEncoding = 4; lastKnownFileType = sourcecode.c.objc; path = SBLVerifyTest.m; sourceTree = "<group>"; };
		74678C421857D5E900BD75E3 /* SBLTestingClass.h */ = {isa = PBXFileReference; fileEncoding = 4; lastKnownFileType = sourcecode.c.h; path = SBLTestingClass.h; sourceTree = "<group>"; };
		74678C431857D5E900BD75E3 /* SBLTestingClass.m */ = {isa = PBXFileReference; fileEncoding = 4; lastKnownFileType = sourcecode.c.objc; path = SBLTestingClass.m; sourceTree = "<group>"; };
		74F93D9C18525FA100214852 /* libStubble.a */ = {isa = PBXFileReference; explicitFileType = archive.ar; includeInIndex = 0; path = libStubble.a; sourceTree = BUILT_PRODUCTS_DIR; };
		74F93D9F18525FA100214852 /* Foundation.framework */ = {isa = PBXFileReference; lastKnownFileType = wrapper.framework; name = Foundation.framework; path = System/Library/Frameworks/Foundation.framework; sourceTree = SDKROOT; };
		74F93DA318525FA100214852 /* Stubble-Prefix.pch */ = {isa = PBXFileReference; lastKnownFileType = sourcecode.c.h; path = "Stubble-Prefix.pch"; sourceTree = "<group>"; };
		74F93DAC18525FA100214852 /* StubbleTests.xctest */ = {isa = PBXFileReference; explicitFileType = wrapper.cfbundle; includeInIndex = 0; path = StubbleTests.xctest; sourceTree = BUILT_PRODUCTS_DIR; };
		74F93DAD18525FA100214852 /* XCTest.framework */ = {isa = PBXFileReference; lastKnownFileType = wrapper.framework; name = XCTest.framework; path = Library/Frameworks/XCTest.framework; sourceTree = DEVELOPER_DIR; };
		74F93DB018525FA100214852 /* UIKit.framework */ = {isa = PBXFileReference; lastKnownFileType = wrapper.framework; name = UIKit.framework; path = Library/Frameworks/UIKit.framework; sourceTree = DEVELOPER_DIR; };
		74F93DB718525FA100214852 /* StubbleTests-Info.plist */ = {isa = PBXFileReference; lastKnownFileType = text.plist.xml; path = "StubbleTests-Info.plist"; sourceTree = "<group>"; };
		74F93DB918525FA100214852 /* en */ = {isa = PBXFileReference; lastKnownFileType = text.plist.strings; name = en; path = en.lproj/InfoPlist.strings; sourceTree = "<group>"; };
		74F93DBB18525FA100214852 /* SBLStubTest.m */ = {isa = PBXFileReference; lastKnownFileType = sourcecode.c.objc; path = SBLStubTest.m; sourceTree = "<group>"; };
		75EAF7531873808E00C1FB5F /* Stubble.h */ = {isa = PBXFileReference; fileEncoding = 4; lastKnownFileType = sourcecode.c.h; path = Stubble.h; sourceTree = "<group>"; };
		75EAF75C1873845D00C1FB5F /* framework-builder */ = {isa = PBXFileReference; lastKnownFileType = text.script.ruby; name = "framework-builder"; path = "Scripts/framework-builder"; sourceTree = "<group>"; };
		AAFD431560AC3BD461C4B3D1 /* SBLTimesMatcher.m */ = {isa = PBXFileReference; fileEncoding = 4; lastKnownFileType = sourcecode.c.objc; path = SBLTimesMatcher.m; sourceTree = "<group>"; };
		AAFD432360F5D4B73F8A79B6 /* SBLInvocationMatchResult.m */ = {isa = PBXFileReference; fileEncoding = 4; lastKnownFileType = sourcecode.c.objc; path = SBLInvocationMatchResult.m; sourceTree = "<group>"; };
		AAFD46DFB029A6FC17A48B0D /* SBLTimesMatcher.h */ = {isa = PBXFileReference; fileEncoding = 4; lastKnownFileType = sourcecode.c.h; path = SBLTimesMatcher.h; sourceTree = "<group>"; };
		AAFD4746845E28C0CBF4683E /* SBLExceptionTest.m */ = {isa = PBXFileReference; fileEncoding = 4; lastKnownFileType = sourcecode.c.objc; path = SBLExceptionTest.m; sourceTree = "<group>"; };
		AAFD48CCFBD6BC48364A7801 /* SBLValueLoggingHelper.m */ = {isa = PBXFileReference; fileEncoding = 4; lastKnownFileType = sourcecode.c.objc; path = SBLValueLoggingHelper.m; sourceTree = "<group>"; };
		AAFD4916AAC6AAA9584FDB1A /* SBLValueLoggingHelperTest.m */ = {isa = PBXFileReference; fileEncoding = 4; lastKnownFileType = sourcecode.c.objc; path = SBLValueLoggingHelperTest.m; sourceTree = "<group>"; };
		AAFD49C9A0A7E574CC16048B /* SBLArgumentMatcherResult.m */ = {isa = PBXFileReference; fileEncoding = 4; lastKnownFileType = sourcecode.c.objc; path = SBLArgumentMatcherResult.m; sourceTree = "<group>"; };
		AAFD4BBB523D1485AC4AD7D9 /* SBLArgumentMatcherResult.h */ = {isa = PBXFileReference; fileEncoding = 4; lastKnownFileType = sourcecode.c.h; path = SBLArgumentMatcherResult.h; sourceTree = "<group>"; };
		AAFD4ECB9CA6481AFFAF849E /* SBLValueLoggingHelper.h */ = {isa = PBXFileReference; fileEncoding = 4; lastKnownFileType = sourcecode.c.h; path = SBLValueLoggingHelper.h; sourceTree = "<group>"; };
		AAFD4F9F2BB34D38DB5317A6 /* SBLInvocationMatchResult.h */ = {isa = PBXFileReference; fileEncoding = 4; lastKnownFileType = sourcecode.c.h; path = SBLInvocationMatchResult.h; sourceTree = "<group>"; };
/* End PBXFileReference section */

/* Begin PBXFrameworksBuildPhase section */
		74F93D9918525FA100214852 /* Frameworks */ = {
			isa = PBXFrameworksBuildPhase;
			buildActionMask = 2147483647;
			files = (
				74F93DA018525FA100214852 /* Foundation.framework in Frameworks */,
			);
			runOnlyForDeploymentPostprocessing = 0;
		};
		74F93DA918525FA100214852 /* Frameworks */ = {
			isa = PBXFrameworksBuildPhase;
			buildActionMask = 2147483647;
			files = (
				74F93DAE18525FA100214852 /* XCTest.framework in Frameworks */,
				74F93DB118525FA100214852 /* UIKit.framework in Frameworks */,
				74F93DAF18525FA100214852 /* Foundation.framework in Frameworks */,
				74F93DB418525FA100214852 /* libStubble.a in Frameworks */,
			);
			runOnlyForDeploymentPostprocessing = 0;
		};
/* End PBXFrameworksBuildPhase section */

/* Begin PBXGroup section */
		5ABCBF8818A96C3B001E2306 /* Invocation Matching */ = {
			isa = PBXGroup;
			children = (
				4DF00430185ACB53003171E5 /* SBLInvocationRecord.h */,
				4DF00431185ACB53003171E5 /* SBLInvocationRecord.m */,
				4DF00433185AD2AC003171E5 /* SBLMatcher.h */,
				4DF00434185AD2AC003171E5 /* SBLMatcher.m */,
				6313CD2DFCBE3162EB6EE10B /* SBLStubbedInvocation.h */,
				6313C082B67BDB77399B202D /* SBLStubbedInvocation.m */,
				AAFD46DFB029A6FC17A48B0D /* SBLTimesMatcher.h */,
				AAFD431560AC3BD461C4B3D1 /* SBLTimesMatcher.m */,
				5A7F2CAC18A96E44000B5AAD /* SBLInvocationArgument.h */,
				5A7F2CAD18A96E44000B5AAD /* SBLInvocationArgument.m */,
				AAFD49C9A0A7E574CC16048B /* SBLArgumentMatcherResult.m */,
				AAFD4BBB523D1485AC4AD7D9 /* SBLArgumentMatcherResult.h */,
				AAFD48CCFBD6BC48364A7801 /* SBLValueLoggingHelper.m */,
				AAFD4ECB9CA6481AFFAF849E /* SBLValueLoggingHelper.h */,
				AAFD432360F5D4B73F8A79B6 /* SBLInvocationMatchResult.m */,
				AAFD4F9F2BB34D38DB5317A6 /* SBLInvocationMatchResult.h */,
			);
			name = "Invocation Matching";
			sourceTree = "<group>";
		};
		74F93D9318525FA100214852 = {
			isa = PBXGroup;
			children = (
				74F93DA118525FA100214852 /* Stubble */,
				74F93DB518525FA100214852 /* StubbleTests */,
				74F93D9E18525FA100214852 /* Frameworks */,
				74F93D9D18525FA100214852 /* Products */,
			);
			sourceTree = "<group>";
		};
		74F93D9D18525FA100214852 /* Products */ = {
			isa = PBXGroup;
			children = (
				74F93D9C18525FA100214852 /* libStubble.a */,
				74F93DAC18525FA100214852 /* StubbleTests.xctest */,
			);
			name = Products;
			sourceTree = "<group>";
		};
		74F93D9E18525FA100214852 /* Frameworks */ = {
			isa = PBXGroup;
			children = (
				74F93D9F18525FA100214852 /* Foundation.framework */,
				74F93DAD18525FA100214852 /* XCTest.framework */,
				74F93DB018525FA100214852 /* UIKit.framework */,
			);
			name = Frameworks;
			sourceTree = "<group>";
		};
		74F93DA118525FA100214852 /* Stubble */ = {
			isa = PBXGroup;
			children = (
				74F93DC51852600800214852 /* Classes */,
				74F93DA218525FA100214852 /* Supporting Files */,
			);
			path = Stubble;
			sourceTree = "<group>";
		};
		74F93DA218525FA100214852 /* Supporting Files */ = {
			isa = PBXGroup;
			children = (
				75EAF75C1873845D00C1FB5F /* framework-builder */,
				74F93DA318525FA100214852 /* Stubble-Prefix.pch */,
			);
			name = "Supporting Files";
			sourceTree = "<group>";
		};
		74F93DB518525FA100214852 /* StubbleTests */ = {
			isa = PBXGroup;
			children = (
				74678C401857D5AD00BD75E3 /* SBLVerifyTest.m */,
				74F93DBB18525FA100214852 /* SBLStubTest.m */,
				4D0E754E185BBD3B00C681BE /* SBLMatcherTest.m */,
				4DF0042E185AB833003171E5 /* SBLStubbleCoreThreadingTest.m */,
				74678C421857D5E900BD75E3 /* SBLTestingClass.h */,
				74678C431857D5E900BD75E3 /* SBLTestingClass.m */,
				4D80408A1863F743001DE9FE /* SBLTestingProtocol.h */,
				74F93DB618525FA100214852 /* Supporting Files */,
				AAFD4746845E28C0CBF4683E /* SBLExceptionTest.m */,
				5A9837AF18A98A42001E2501 /* SBLTestingBlockCreator.h */,
				5A9837B018A98A42001E2501 /* SBLTestingBlockCreator.m */,
				AAFD4916AAC6AAA9584FDB1A /* SBLValueLoggingHelperTest.m */,
			);
			path = StubbleTests;
			sourceTree = "<group>";
		};
		74F93DB618525FA100214852 /* Supporting Files */ = {
			isa = PBXGroup;
			children = (
				74F93DB718525FA100214852 /* StubbleTests-Info.plist */,
				74F93DB818525FA100214852 /* InfoPlist.strings */,
			);
			name = "Supporting Files";
			sourceTree = "<group>";
		};
		74F93DC51852600800214852 /* Classes */ = {
			isa = PBXGroup;
			children = (
				5ABCBF8818A96C3B001E2306 /* Invocation Matching */,
				4D80408C186403BE001DE9FE /* SBLClassMockObjectBehavior.h */,
				4D80408D186403BE001DE9FE /* SBLClassMockObjectBehavior.m */,
				4D0E7550185D09B200C681BE /* SBLErrors.h */,
				4DE7829918A1CD7E002C0470 /* SBLHelpers.h */,
				4DE7829A18A1CD7E002C0470 /* SBLHelpers.m */,
				5ABCBF8418A965D0001E2306 /* SBLMock.h */,
				5ABCBF8518A965D0001E2306 /* SBLMockCore.h */,
				5A5472EA1877290A004A4A04 /* SBLMockObject.h */,
				5A5472EB1877290A004A4A04 /* SBLMockObject.m */,
				4D80408B186402DB001DE9FE /* SBLMockObjectBehavior.h */,
				4D80408F186404F6001DE9FE /* SBLProtocolMockObjectBehavior.h */,
				4D804090186404F6001DE9FE /* SBLProtocolMockObjectBehavior.m */,
				4D092D5C18A9A89100D90322 /* SBLTransactionManager.h */,
				4D092D5D18A9A89100D90322 /* SBLTransactionManager.m */,
				4DD1ACB4187462B300A5FEC4 /* SBLVerificationHandler.h */,
				4DD1ACB5187462B300A5FEC4 /* SBLVerificationHandler.m */,
				4DD1ACB81874691300A5FEC4 /* SBLVerificationResult.h */,
				4DD1ACB91874691300A5FEC4 /* SBLVerificationResult.m */,
				75EAF7531873808E00C1FB5F /* Stubble.h */,
			);
			name = Classes;
			sourceTree = "<group>";
		};
/* End PBXGroup section */

/* Begin PBXHeadersBuildPhase section */
		5AA4A96F18689FEA0033BAE0 /* Headers */ = {
			isa = PBXHeadersBuildPhase;
			buildActionMask = 2147483647;
			files = (
				75EAF7541873808E00C1FB5F /* Stubble.h in Headers */,
				5AA4A97418689FFB0033BAE0 /* SBLStubbedInvocation.h in Headers */,
				5AA4A97518689FFB0033BAE0 /* SBLInvocationRecord.h in Headers */,
				5AA4A97618689FFB0033BAE0 /* SBLMatcher.h in Headers */,
				5AA4A97718689FFB0033BAE0 /* SBLErrors.h in Headers */,
				5AA4A97818689FFB0033BAE0 /* SBLTimesMatcher.h in Headers */,
				4D092D5E18A9A89100D90322 /* SBLTransactionManager.h in Headers */,
				5ABCBF8718A965D0001E2306 /* SBLMockCore.h in Headers */,
				5ABCBF8618A965D0001E2306 /* SBLMock.h in Headers */,
				5AA4A97918689FFB0033BAE0 /* SBLMockObjectBehavior.h in Headers */,
				5AA4A97A18689FFB0033BAE0 /* SBLClassMockObjectBehavior.h in Headers */,
				4DD1ACB6187462B300A5FEC4 /* SBLVerificationHandler.h in Headers */,
				4DD1ACBA1874691300A5FEC4 /* SBLVerificationResult.h in Headers */,
				5A5472EC1877290A004A4A04 /* SBLMockObject.h in Headers */,
				4DE7829B18A1CD7E002C0470 /* SBLHelpers.h in Headers */,
				AAFD4FC42EF9EAE772B93D67 /* SBLArgumentMatcherResult.h in Headers */,
				AAFD456B9E434F788AD7FA4A /* SBLValueLoggingHelper.h in Headers */,
				AAFD41575C3906917DB3B296 /* SBLInvocationMatchResult.h in Headers */,
				5A7F2CAE18A96E44000B5AAD /* SBLInvocationArgument.h in Headers */,
				5AA4A97B18689FFB0033BAE0 /* SBLProtocolMockObjectBehavior.h in Headers */,
			);
			runOnlyForDeploymentPostprocessing = 0;
		};
/* End PBXHeadersBuildPhase section */

/* Begin PBXNativeTarget section */
		74F93D9B18525FA100214852 /* Stubble */ = {
			isa = PBXNativeTarget;
			buildConfigurationList = 74F93DBF18525FA100214852 /* Build configuration list for PBXNativeTarget "Stubble" */;
			buildPhases = (
				74F93D9818525FA100214852 /* Sources */,
				74F93D9918525FA100214852 /* Frameworks */,
				74F93D9A18525FA100214852 /* CopyFiles */,
				5AA4A96F18689FEA0033BAE0 /* Headers */,
			);
			buildRules = (
			);
			dependencies = (
			);
			name = Stubble;
			productName = Stubble;
			productReference = 74F93D9C18525FA100214852 /* libStubble.a */;
			productType = "com.apple.product-type.library.static";
		};
		74F93DAB18525FA100214852 /* StubbleTests */ = {
			isa = PBXNativeTarget;
			buildConfigurationList = 74F93DC218525FA100214852 /* Build configuration list for PBXNativeTarget "StubbleTests" */;
			buildPhases = (
				74F93DA818525FA100214852 /* Sources */,
				74F93DA918525FA100214852 /* Frameworks */,
				74F93DAA18525FA100214852 /* Resources */,
			);
			buildRules = (
			);
			dependencies = (
				74F93DB318525FA100214852 /* PBXTargetDependency */,
			);
			name = StubbleTests;
			productName = StubbleTests;
			productReference = 74F93DAC18525FA100214852 /* StubbleTests.xctest */;
			productType = "com.apple.product-type.bundle.unit-test";
		};
/* End PBXNativeTarget section */

/* Begin PBXProject section */
		74F93D9418525FA100214852 /* Project object */ = {
			isa = PBXProject;
			attributes = {
				CLASSPREFIX = SBL;
				LastUpgradeCheck = 0500;
				ORGANIZATIONNAME = Stubble;
			};
			buildConfigurationList = 74F93D9718525FA100214852 /* Build configuration list for PBXProject "Stubble" */;
			compatibilityVersion = "Xcode 3.2";
			developmentRegion = English;
			hasScannedForEncodings = 0;
			knownRegions = (
				en,
			);
			mainGroup = 74F93D9318525FA100214852;
			productRefGroup = 74F93D9D18525FA100214852 /* Products */;
			projectDirPath = "";
			projectRoot = "";
			targets = (
				74F93D9B18525FA100214852 /* Stubble */,
				74F93DAB18525FA100214852 /* StubbleTests */,
				75EAF7551873818600C1FB5F /* Framework */,
			);
		};
/* End PBXProject section */

/* Begin PBXResourcesBuildPhase section */
		74F93DAA18525FA100214852 /* Resources */ = {
			isa = PBXResourcesBuildPhase;
			buildActionMask = 2147483647;
			files = (
				74F93DBA18525FA100214852 /* InfoPlist.strings in Resources */,
			);
			runOnlyForDeploymentPostprocessing = 0;
		};
/* End PBXResourcesBuildPhase section */

/* Begin PBXShellScriptBuildPhase section */
		75EAF75B187382D000C1FB5F /* ShellScript */ = {
			isa = PBXShellScriptBuildPhase;
			buildActionMask = 2147483647;
			files = (
			);
			inputPaths = (
			);
			outputPaths = (
			);
			runOnlyForDeploymentPostprocessing = 0;
			shellPath = /bin/sh;
			shellScript = "set -e\n${PROJECT_DIR}/${PROJECT_NAME}/Scripts/framework-builder";
		};
/* End PBXShellScriptBuildPhase section */

/* Begin PBXSourcesBuildPhase section */
		74F93D9818525FA100214852 /* Sources */ = {
			isa = PBXSourcesBuildPhase;
			buildActionMask = 2147483647;
			files = (
				4D092D5F18A9A89100D90322 /* SBLTransactionManager.m in Sources */,
				5A7F2CAF18A96E44000B5AAD /* SBLInvocationArgument.m in Sources */,
				4DF00435185AD2AC003171E5 /* SBLMatcher.m in Sources */,
				4DF00432185ACB53003171E5 /* SBLInvocationRecord.m in Sources */,
				4D804091186404F6001DE9FE /* SBLProtocolMockObjectBehavior.m in Sources */,
				4DE7829C18A1CD7E002C0470 /* SBLHelpers.m in Sources */,
				5A5472ED1877290A004A4A04 /* SBLMockObject.m in Sources */,
				4DD1ACB7187462B300A5FEC4 /* SBLVerificationHandler.m in Sources */,
				6313CCCA0E902D6D0B58DAE9 /* SBLStubbedInvocation.m in Sources */,
				4DD1ACBB1874691300A5FEC4 /* SBLVerificationResult.m in Sources */,
				AAFD4BCD39B355447029F235 /* SBLTimesMatcher.m in Sources */,
				4D80408E186403BE001DE9FE /* SBLClassMockObjectBehavior.m in Sources */,
				AAFD457357101BF8EFFA38A7 /* SBLArgumentMatcherResult.m in Sources */,
				AAFD4BBA86C957E1C735243C /* SBLValueLoggingHelper.m in Sources */,
				AAFD4B749CC89E374F1F7245 /* SBLInvocationMatchResult.m in Sources */,
			);
			runOnlyForDeploymentPostprocessing = 0;
		};
		74F93DA818525FA100214852 /* Sources */ = {
			isa = PBXSourcesBuildPhase;
			buildActionMask = 2147483647;
			files = (
				74678C441857D5E900BD75E3 /* SBLTestingClass.m in Sources */,
				4DF0042F185AB833003171E5 /* SBLStubbleCoreThreadingTest.m in Sources */,
				4D0E754F185BBD3B00C681BE /* SBLMatcherTest.m in Sources */,
				5A9837B118A98A42001E2501 /* SBLTestingBlockCreator.m in Sources */,
				74678C411857D5AD00BD75E3 /* SBLVerifyTest.m in Sources */,
				74F93DBC18525FA100214852 /* SBLStubTest.m in Sources */,
				AAFD4E581C8800002923FDEC /* SBLExceptionTest.m in Sources */,
				AAFD4BE30957D2DC3CFD42B6 /* SBLValueLoggingHelperTest.m in Sources */,
			);
			runOnlyForDeploymentPostprocessing = 0;
		};
/* End PBXSourcesBuildPhase section */

/* Begin PBXTargetDependency section */
		74F93DB318525FA100214852 /* PBXTargetDependency */ = {
			isa = PBXTargetDependency;
			target = 74F93D9B18525FA100214852 /* Stubble */;
			targetProxy = 74F93DB218525FA100214852 /* PBXContainerItemProxy */;
		};
		75EAF75A187381D600C1FB5F /* PBXTargetDependency */ = {
			isa = PBXTargetDependency;
			target = 74F93D9B18525FA100214852 /* Stubble */;
			targetProxy = 75EAF759187381D600C1FB5F /* PBXContainerItemProxy */;
		};
/* End PBXTargetDependency section */

/* Begin PBXVariantGroup section */
		74F93DB818525FA100214852 /* InfoPlist.strings */ = {
			isa = PBXVariantGroup;
			children = (
				74F93DB918525FA100214852 /* en */,
			);
			name = InfoPlist.strings;
			sourceTree = "<group>";
		};
/* End PBXVariantGroup section */

/* Begin XCBuildConfiguration section */
		74F93DBD18525FA100214852 /* Debug */ = {
			isa = XCBuildConfiguration;
			buildSettings = {
				ALWAYS_SEARCH_USER_PATHS = NO;
				ARCHS = "$(ARCHS_STANDARD_INCLUDING_64_BIT)";
				CLANG_CXX_LANGUAGE_STANDARD = "gnu++0x";
				CLANG_CXX_LIBRARY = "libc++";
				CLANG_ENABLE_MODULES = YES;
				CLANG_ENABLE_OBJC_ARC = YES;
				CLANG_WARN_BOOL_CONVERSION = YES;
				CLANG_WARN_CONSTANT_CONVERSION = YES;
				CLANG_WARN_DIRECT_OBJC_ISA_USAGE = YES_ERROR;
				CLANG_WARN_EMPTY_BODY = YES;
				CLANG_WARN_ENUM_CONVERSION = YES;
				CLANG_WARN_INT_CONVERSION = YES;
				CLANG_WARN_OBJC_ROOT_CLASS = YES_ERROR;
				CLANG_WARN__DUPLICATE_METHOD_MATCH = YES;
				COPY_PHASE_STRIP = NO;
				GCC_C_LANGUAGE_STANDARD = gnu99;
				GCC_DYNAMIC_NO_PIC = NO;
				GCC_OPTIMIZATION_LEVEL = 0;
				GCC_PREPROCESSOR_DEFINITIONS = (
					"DEBUG=1",
					"$(inherited)",
				);
				GCC_SYMBOLS_PRIVATE_EXTERN = NO;
				GCC_WARN_64_TO_32_BIT_CONVERSION = YES;
				GCC_WARN_ABOUT_RETURN_TYPE = YES_ERROR;
				GCC_WARN_UNDECLARED_SELECTOR = YES;
				GCC_WARN_UNINITIALIZED_AUTOS = YES;
				GCC_WARN_UNUSED_FUNCTION = YES;
				GCC_WARN_UNUSED_VARIABLE = YES;
				IPHONEOS_DEPLOYMENT_TARGET = 7.0;
				ONLY_ACTIVE_ARCH = YES;
				PUBLIC_HEADERS_FOLDER_PATH = "$(PROJECT_NAME)Headers";
				SDKROOT = iphoneos;
			};
			name = Debug;
		};
		74F93DBE18525FA100214852 /* Release */ = {
			isa = XCBuildConfiguration;
			buildSettings = {
				ALWAYS_SEARCH_USER_PATHS = NO;
				ARCHS = "$(ARCHS_STANDARD_INCLUDING_64_BIT)";
				CLANG_CXX_LANGUAGE_STANDARD = "gnu++0x";
				CLANG_CXX_LIBRARY = "libc++";
				CLANG_ENABLE_MODULES = YES;
				CLANG_ENABLE_OBJC_ARC = YES;
				CLANG_WARN_BOOL_CONVERSION = YES;
				CLANG_WARN_CONSTANT_CONVERSION = YES;
				CLANG_WARN_DIRECT_OBJC_ISA_USAGE = YES_ERROR;
				CLANG_WARN_EMPTY_BODY = YES;
				CLANG_WARN_ENUM_CONVERSION = YES;
				CLANG_WARN_INT_CONVERSION = YES;
				CLANG_WARN_OBJC_ROOT_CLASS = YES_ERROR;
				CLANG_WARN__DUPLICATE_METHOD_MATCH = YES;
				COPY_PHASE_STRIP = YES;
				ENABLE_NS_ASSERTIONS = NO;
				GCC_C_LANGUAGE_STANDARD = gnu99;
				GCC_WARN_64_TO_32_BIT_CONVERSION = YES;
				GCC_WARN_ABOUT_RETURN_TYPE = YES_ERROR;
				GCC_WARN_UNDECLARED_SELECTOR = YES;
				GCC_WARN_UNINITIALIZED_AUTOS = YES;
				GCC_WARN_UNUSED_FUNCTION = YES;
				GCC_WARN_UNUSED_VARIABLE = YES;
				IPHONEOS_DEPLOYMENT_TARGET = 7.0;
				PUBLIC_HEADERS_FOLDER_PATH = "$(PROJECT_NAME)Headers";
				SDKROOT = iphoneos;
				VALIDATE_PRODUCT = YES;
			};
			name = Release;
		};
		74F93DC018525FA100214852 /* Debug */ = {
			isa = XCBuildConfiguration;
			buildSettings = {
				COPY_PHASE_STRIP = NO;
				DEAD_CODE_STRIPPING = NO;
				DSTROOT = /tmp/Stubble.dst;
				GCC_PRECOMPILE_PREFIX_HEADER = YES;
				GCC_PREFIX_HEADER = "Stubble/Stubble-Prefix.pch";
				OTHER_LDFLAGS = "-ObjC";
				PRODUCT_NAME = "$(TARGET_NAME)";
				SKIP_INSTALL = YES;
			};
			name = Debug;
		};
		74F93DC118525FA100214852 /* Release */ = {
			isa = XCBuildConfiguration;
			buildSettings = {
				COPY_PHASE_STRIP = NO;
				DEAD_CODE_STRIPPING = NO;
				DSTROOT = /tmp/Stubble.dst;
				GCC_PRECOMPILE_PREFIX_HEADER = YES;
				GCC_PREFIX_HEADER = "Stubble/Stubble-Prefix.pch";
				OTHER_LDFLAGS = "-ObjC";
				PRODUCT_NAME = "$(TARGET_NAME)";
				SKIP_INSTALL = YES;
			};
			name = Release;
		};
		74F93DC318525FA100214852 /* Debug */ = {
			isa = XCBuildConfiguration;
			buildSettings = {
				ARCHS = "$(ARCHS_STANDARD_INCLUDING_64_BIT)";
				FRAMEWORK_SEARCH_PATHS = (
					"$(SDKROOT)/Developer/Library/Frameworks",
					"$(inherited)",
					"$(DEVELOPER_FRAMEWORKS_DIR)",
				);
				GCC_PRECOMPILE_PREFIX_HEADER = YES;
				GCC_PREFIX_HEADER = "Stubble/Stubble-Prefix.pch";
				GCC_PREPROCESSOR_DEFINITIONS = (
					"DEBUG=1",
					"$(inherited)",
				);
				INFOPLIST_FILE = "StubbleTests/StubbleTests-Info.plist";
				PRODUCT_NAME = "$(TARGET_NAME)";
				WRAPPER_EXTENSION = xctest;
			};
			name = Debug;
		};
		74F93DC418525FA100214852 /* Release */ = {
			isa = XCBuildConfiguration;
			buildSettings = {
				ARCHS = "$(ARCHS_STANDARD_INCLUDING_64_BIT)";
				FRAMEWORK_SEARCH_PATHS = (
					"$(SDKROOT)/Developer/Library/Frameworks",
					"$(inherited)",
					"$(DEVELOPER_FRAMEWORKS_DIR)",
				);
				GCC_PRECOMPILE_PREFIX_HEADER = YES;
				GCC_PREFIX_HEADER = "Stubble/Stubble-Prefix.pch";
				INFOPLIST_FILE = "StubbleTests/StubbleTests-Info.plist";
				PRODUCT_NAME = "$(TARGET_NAME)";
				WRAPPER_EXTENSION = xctest;
			};
			name = Release;
		};
		75EAF7571873818600C1FB5F /* Debug */ = {
			isa = XCBuildConfiguration;
			buildSettings = {
				PRODUCT_NAME = "$(TARGET_NAME)";
			};
			name = Debug;
		};
		75EAF7581873818600C1FB5F /* Release */ = {
			isa = XCBuildConfiguration;
			buildSettings = {
				PRODUCT_NAME = "$(TARGET_NAME)";
			};
			name = Release;
		};
/* End XCBuildConfiguration section */

/* Begin XCConfigurationList section */
		74F93D9718525FA100214852 /* Build configuration list for PBXProject "Stubble" */ = {
			isa = XCConfigurationList;
			buildConfigurations = (
				74F93DBD18525FA100214852 /* Debug */,
				74F93DBE18525FA100214852 /* Release */,
			);
			defaultConfigurationIsVisible = 0;
			defaultConfigurationName = Release;
		};
		74F93DBF18525FA100214852 /* Build configuration list for PBXNativeTarget "Stubble" */ = {
			isa = XCConfigurationList;
			buildConfigurations = (
				74F93DC018525FA100214852 /* Debug */,
				74F93DC118525FA100214852 /* Release */,
			);
			defaultConfigurationIsVisible = 0;
			defaultConfigurationName = Release;
		};
		74F93DC218525FA100214852 /* Build configuration list for PBXNativeTarget "StubbleTests" */ = {
			isa = XCConfigurationList;
			buildConfigurations = (
				74F93DC318525FA100214852 /* Debug */,
				74F93DC418525FA100214852 /* Release */,
			);
			defaultConfigurationIsVisible = 0;
			defaultConfigurationName = Release;
		};
		75EAF7561873818600C1FB5F /* Build configuration list for PBXAggregateTarget "Framework" */ = {
			isa = XCConfigurationList;
			buildConfigurations = (
				75EAF7571873818600C1FB5F /* Debug */,
				75EAF7581873818600C1FB5F /* Release */,
			);
			defaultConfigurationIsVisible = 0;
			defaultConfigurationName = Release;
		};
/* End XCConfigurationList section */
	};
	rootObject = 74F93D9418525FA100214852 /* Project object */;
}
